// !$*UTF8*$!
{
	archiveVersion = 1;
	classes = {
	};
	objectVersion = 46;
	objects = {

/* Begin PBXBuildFile section */
		A7D05A751B0B859A00BE4F65 /* main.m in Sources */ = {isa = PBXBuildFile; fileRef = A7D05A741B0B859A00BE4F65 /* main.m */; };
		A7D05A781B0B859A00BE4F65 /* AppDelegate.m in Sources */ = {isa = PBXBuildFile; fileRef = A7D05A771B0B859A00BE4F65 /* AppDelegate.m */; };
		A7D05A7B1B0B859A00BE4F65 /* ViewController.m in Sources */ = {isa = PBXBuildFile; fileRef = A7D05A7A1B0B859A00BE4F65 /* ViewController.m */; };
		A7D05A7E1B0B859A00BE4F65 /* Main.storyboard in Resources */ = {isa = PBXBuildFile; fileRef = A7D05A7C1B0B859A00BE4F65 /* Main.storyboard */; };
		A7D05A801B0B859A00BE4F65 /* Images.xcassets in Resources */ = {isa = PBXBuildFile; fileRef = A7D05A7F1B0B859A00BE4F65 /* Images.xcassets */; };
		A7D05A831B0B859A00BE4F65 /* LaunchScreen.xib in Resources */ = {isa = PBXBuildFile; fileRef = A7D05A811B0B859A00BE4F65 /* LaunchScreen.xib */; };
		A7D05A8F1B0B859A00BE4F65 /* FingerPaintAppTests.m in Sources */ = {isa = PBXBuildFile; fileRef = A7D05A8E1B0B859A00BE4F65 /* FingerPaintAppTests.m */; };
		A7D05A9A1B0B87A800BE4F65 /* View.m in Sources */ = {isa = PBXBuildFile; fileRef = A7D05A991B0B87A800BE4F65 /* View.m */; };
/* End PBXBuildFile section */

/* Begin PBXContainerItemProxy section */
		A7D05A891B0B859A00BE4F65 /* PBXContainerItemProxy */ = {
			isa = PBXContainerItemProxy;
			containerPortal = A7D05A671B0B859A00BE4F65 /* Project object */;
			proxyType = 1;
			remoteGlobalIDString = A7D05A6E1B0B859A00BE4F65;
			remoteInfo = FingerPaintApp;
		};
/* End PBXContainerItemProxy section */

/* Begin PBXFileReference section */
		A7D05A6F1B0B859A00BE4F65 /* FingerPaintApp.app */ = {isa = PBXFileReference; explicitFileType = wrapper.application; includeInIndex = 0; path = FingerPaintApp.app; sourceTree = BUILT_PRODUCTS_DIR; };
		A7D05A731B0B859A00BE4F65 /* Info.plist */ = {isa = PBXFileReference; lastKnownFileType = text.plist.xml; path = Info.plist; sourceTree = "<group>"; };
		A7D05A741B0B859A00BE4F65 /* main.m */ = {isa = PBXFileReference; lastKnownFileType = sourcecode.c.objc; path = main.m; sourceTree = "<group>"; };
		A7D05A761B0B859A00BE4F65 /* AppDelegate.h */ = {isa = PBXFileReference; lastKnownFileType = sourcecode.c.h; path = AppDelegate.h; sourceTree = "<group>"; };
		A7D05A771B0B859A00BE4F65 /* AppDelegate.m */ = {isa = PBXFileReference; lastKnownFileType = sourcecode.c.objc; path = AppDelegate.m; sourceTree = "<group>"; };
		A7D05A791B0B859A00BE4F65 /* ViewController.h */ = {isa = PBXFileReference; lastKnownFileType = sourcecode.c.h; path = ViewController.h; sourceTree = "<group>"; };
		A7D05A7A1B0B859A00BE4F65 /* ViewController.m */ = {isa = PBXFileReference; lastKnownFileType = sourcecode.c.objc; path = ViewController.m; sourceTree = "<group>"; };
		A7D05A7D1B0B859A00BE4F65 /* Base */ = {isa = PBXFileReference; lastKnownFileType = file.storyboard; name = Base; path = Base.lproj/Main.storyboard; sourceTree = "<group>"; };
		A7D05A7F1B0B859A00BE4F65 /* Images.xcassets */ = {isa = PBXFileReference; lastKnownFileType = folder.assetcatalog; path = Images.xcassets; sourceTree = "<group>"; };
		A7D05A821B0B859A00BE4F65 /* Base */ = {isa = PBXFileReference; lastKnownFileType = file.xib; name = Base; path = Base.lproj/LaunchScreen.xib; sourceTree = "<group>"; };
		A7D05A881B0B859A00BE4F65 /* FingerPaintAppTests.xctest */ = {isa = PBXFileReference; explicitFileType = wrapper.cfbundle; includeInIndex = 0; path = FingerPaintAppTests.xctest; sourceTree = BUILT_PRODUCTS_DIR; };
		A7D05A8D1B0B859A00BE4F65 /* Info.plist */ = {isa = PBXFileReference; lastKnownFileType = text.plist.xml; path = Info.plist; sourceTree = "<group>"; };
		A7D05A8E1B0B859A00BE4F65 /* FingerPaintAppTests.m */ = {isa = PBXFileReference; lastKnownFileType = sourcecode.c.objc; path = FingerPaintAppTests.m; sourceTree = "<group>"; };
		A7D05A981B0B87A800BE4F65 /* View.h */ = {isa = PBXFileReference; fileEncoding = 4; lastKnownFileType = sourcecode.c.h; name = View.h; path = ../View.h; sourceTree = "<group>"; };
		A7D05A991B0B87A800BE4F65 /* View.m */ = {isa = PBXFileReference; fileEncoding = 4; lastKnownFileType = sourcecode.c.objc; name = View.m; path = ../View.m; sourceTree = "<group>"; };
		A7D05A9B1B0B880800BE4F65 /* PaintProtocol.h */ = {isa = PBXFileReference; fileEncoding = 4; lastKnownFileType = sourcecode.c.h; name = PaintProtocol.h; path = ../PaintProtocol.h; sourceTree = "<group>"; };
/* End PBXFileReference section */

/* Begin PBXFrameworksBuildPhase section */
		A7D05A6C1B0B859A00BE4F65 /* Frameworks */ = {
			isa = PBXFrameworksBuildPhase;
			buildActionMask = 2147483647;
			files = (
			);
			runOnlyForDeploymentPostprocessing = 0;
		};
		A7D05A851B0B859A00BE4F65 /* Frameworks */ = {
			isa = PBXFrameworksBuildPhase;
			buildActionMask = 2147483647;
			files = (
			);
			runOnlyForDeploymentPostprocessing = 0;
		};
/* End PBXFrameworksBuildPhase section */

/* Begin PBXGroup section */
		A7D05A661B0B859A00BE4F65 = {
			isa = PBXGroup;
			children = (
				A7D05A711B0B859A00BE4F65 /* FingerPaintApp */,
				A7D05A8B1B0B859A00BE4F65 /* FingerPaintAppTests */,
				A7D05A701B0B859A00BE4F65 /* Products */,
			);
			sourceTree = "<group>";
		};
		A7D05A701B0B859A00BE4F65 /* Products */ = {
			isa = PBXGroup;
			children = (
				A7D05A6F1B0B859A00BE4F65 /* FingerPaintApp.app */,
				A7D05A881B0B859A00BE4F65 /* FingerPaintAppTests.xctest */,
			);
			name = Products;
			sourceTree = "<group>";
		};
		A7D05A711B0B859A00BE4F65 /* FingerPaintApp */ = {
			isa = PBXGroup;
			children = (
				A7D05A761B0B859A00BE4F65 /* AppDelegate.h */,
				A7D05A771B0B859A00BE4F65 /* AppDelegate.m */,
				A7D05A791B0B859A00BE4F65 /* ViewController.h */,
				A7D05A7A1B0B859A00BE4F65 /* ViewController.m */,
				A7D05A9B1B0B880800BE4F65 /* PaintProtocol.h */,
				A7D05A981B0B87A800BE4F65 /* View.h */,
				A7D05A991B0B87A800BE4F65 /* View.m */,
				A7D05A7C1B0B859A00BE4F65 /* Main.storyboard */,
				A7D05A7F1B0B859A00BE4F65 /* Images.xcassets */,
				A7D05A811B0B859A00BE4F65 /* LaunchScreen.xib */,
				A7D05A721B0B859A00BE4F65 /* Supporting Files */,
			);
			path = FingerPaintApp;
			sourceTree = "<group>";
		};
		A7D05A721B0B859A00BE4F65 /* Supporting Files */ = {
			isa = PBXGroup;
			children = (
				A7D05A731B0B859A00BE4F65 /* Info.plist */,
				A7D05A741B0B859A00BE4F65 /* main.m */,
			);
			name = "Supporting Files";
			sourceTree = "<group>";
		};
		A7D05A8B1B0B859A00BE4F65 /* FingerPaintAppTests */ = {
			isa = PBXGroup;
			children = (
				A7D05A8E1B0B859A00BE4F65 /* FingerPaintAppTests.m */,
				A7D05A8C1B0B859A00BE4F65 /* Supporting Files */,
			);
			path = FingerPaintAppTests;
			sourceTree = "<group>";
		};
		A7D05A8C1B0B859A00BE4F65 /* Supporting Files */ = {
			isa = PBXGroup;
			children = (
				A7D05A8D1B0B859A00BE4F65 /* Info.plist */,
			);
			name = "Supporting Files";
			sourceTree = "<group>";
		};
/* End PBXGroup section */

/* Begin PBXNativeTarget section */
		A7D05A6E1B0B859A00BE4F65 /* FingerPaintApp */ = {
			isa = PBXNativeTarget;
			buildConfigurationList = A7D05A921B0B859A00BE4F65 /* Build configuration list for PBXNativeTarget "FingerPaintApp" */;
			buildPhases = (
				A7D05A6B1B0B859A00BE4F65 /* Sources */,
				A7D05A6C1B0B859A00BE4F65 /* Frameworks */,
				A7D05A6D1B0B859A00BE4F65 /* Resources */,
			);
			buildRules = (
			);
			dependencies = (
			);
			name = FingerPaintApp;
			productName = FingerPaintApp;
			productReference = A7D05A6F1B0B859A00BE4F65 /* FingerPaintApp.app */;
			productType = "com.apple.product-type.application";
		};
		A7D05A871B0B859A00BE4F65 /* FingerPaintAppTests */ = {
			isa = PBXNativeTarget;
			buildConfigurationList = A7D05A951B0B859A00BE4F65 /* Build configuration list for PBXNativeTarget "FingerPaintAppTests" */;
			buildPhases = (
				A7D05A841B0B859A00BE4F65 /* Sources */,
				A7D05A851B0B859A00BE4F65 /* Frameworks */,
				A7D05A861B0B859A00BE4F65 /* Resources */,
			);
			buildRules = (
			);
			dependencies = (
				A7D05A8A1B0B859A00BE4F65 /* PBXTargetDependency */,
			);
			name = FingerPaintAppTests;
			productName = FingerPaintAppTests;
			productReference = A7D05A881B0B859A00BE4F65 /* FingerPaintAppTests.xctest */;
			productType = "com.apple.product-type.bundle.unit-test";
		};
/* End PBXNativeTarget section */

/* Begin PBXProject section */
		A7D05A671B0B859A00BE4F65 /* Project object */ = {
			isa = PBXProject;
			attributes = {
				LastUpgradeCheck = 0630;
				ORGANIZATIONNAME = "Oliver Andrews";
				TargetAttributes = {
					A7D05A6E1B0B859A00BE4F65 = {
						CreatedOnToolsVersion = 6.3.1;
					};
					A7D05A871B0B859A00BE4F65 = {
						CreatedOnToolsVersion = 6.3.1;
						TestTargetID = A7D05A6E1B0B859A00BE4F65;
					};
				};
			};
			buildConfigurationList = A7D05A6A1B0B859A00BE4F65 /* Build configuration list for PBXProject "FingerPaintApp" */;
			compatibilityVersion = "Xcode 3.2";
			developmentRegion = English;
			hasScannedForEncodings = 0;
			knownRegions = (
				en,
				Base,
			);
			mainGroup = A7D05A661B0B859A00BE4F65;
			productRefGroup = A7D05A701B0B859A00BE4F65 /* Products */;
			projectDirPath = "";
			projectRoot = "";
			targets = (
				A7D05A6E1B0B859A00BE4F65 /* FingerPaintApp */,
				A7D05A871B0B859A00BE4F65 /* FingerPaintAppTests */,
			);
		};
/* End PBXProject section */

/* Begin PBXResourcesBuildPhase section */
		A7D05A6D1B0B859A00BE4F65 /* Resources */ = {
			isa = PBXResourcesBuildPhase;
			buildActionMask = 2147483647;
			files = (
				A7D05A7E1B0B859A00BE4F65 /* Main.storyboard in Resources */,
				A7D05A831B0B859A00BE4F65 /* LaunchScreen.xib in Resources */,
				A7D05A801B0B859A00BE4F65 /* Images.xcassets in Resources */,
			);
			runOnlyForDeploymentPostprocessing = 0;
		};
		A7D05A861B0B859A00BE4F65 /* Resources */ = {
			isa = PBXResourcesBuildPhase;
			buildActionMask = 2147483647;
			files = (
			);
			runOnlyForDeploymentPostprocessing = 0;
		};
/* End PBXResourcesBuildPhase section */

/* Begin PBXSourcesBuildPhase section */
		A7D05A6B1B0B859A00BE4F65 /* Sources */ = {
			isa = PBXSourcesBuildPhase;
			buildActionMask = 2147483647;
			files = (
				A7D05A9A1B0B87A800BE4F65 /* View.m in Sources */,
				A7D05A7B1B0B859A00BE4F65 /* ViewController.m in Sources */,
				A7D05A781B0B859A00BE4F65 /* AppDelegate.m in Sources */,
				A7D05A751B0B859A00BE4F65 /* main.m in Sources */,
			);
			runOnlyForDeploymentPostprocessing = 0;
		};
		A7D05A841B0B859A00BE4F65 /* Sources */ = {
			isa = PBXSourcesBuildPhase;
			buildActionMask = 2147483647;
			files = (
				A7D05A8F1B0B859A00BE4F65 /* FingerPaintAppTests.m in Sources */,
			);
			runOnlyForDeploymentPostprocessing = 0;
		};
/* End PBXSourcesBuildPhase section */

/* Begin PBXTargetDependency section */
		A7D05A8A1B0B859A00BE4F65 /* PBXTargetDependency */ = {
			isa = PBXTargetDependency;
			target = A7D05A6E1B0B859A00BE4F65 /* FingerPaintApp */;
			targetProxy = A7D05A891B0B859A00BE4F65 /* PBXContainerItemProxy */;
		};
/* End PBXTargetDependency section */

/* Begin PBXVariantGroup section */
		A7D05A7C1B0B859A00BE4F65 /* Main.storyboard */ = {
			isa = PBXVariantGroup;
			children = (
				A7D05A7D1B0B859A00BE4F65 /* Base */,
			);
			name = Main.storyboard;
			sourceTree = "<group>";
		};
		A7D05A811B0B859A00BE4F65 /* LaunchScreen.xib */ = {
			isa = PBXVariantGroup;
			children = (
				A7D05A821B0B859A00BE4F65 /* Base */,
			);
			name = LaunchScreen.xib;
			sourceTree = "<group>";
		};
/* End PBXVariantGroup section */

/* Begin XCBuildConfiguration section */
		A7D05A901B0B859A00BE4F65 /* Debug */ = {
			isa = XCBuildConfiguration;
			buildSettings = {
				ALWAYS_SEARCH_USER_PATHS = NO;
				CLANG_CXX_LANGUAGE_STANDARD = "gnu++0x";
				CLANG_CXX_LIBRARY = "libc++";
				CLANG_ENABLE_MODULES = YES;
				CLANG_ENABLE_OBJC_ARC = YES;
				CLANG_WARN_BOOL_CONVERSION = YES;
				CLANG_WARN_CONSTANT_CONVERSION = YES;
				CLANG_WARN_DIRECT_OBJC_ISA_USAGE = YES_ERROR;
				CLANG_WARN_EMPTY_BODY = YES;
				CLANG_WARN_ENUM_CONVERSION = YES;
				CLANG_WARN_INT_CONVERSION = YES;
				CLANG_WARN_OBJC_ROOT_CLASS = YES_ERROR;
				CLANG_WARN_UNREACHABLE_CODE = YES;
				CLANG_WARN__DUPLICATE_METHOD_MATCH = YES;
				"CODE_SIGN_IDENTITY[sdk=iphoneos*]" = "iPhone Developer";
				COPY_PHASE_STRIP = NO;
				DEBUG_INFORMATION_FORMAT = "dwarf-with-dsym";
				ENABLE_STRICT_OBJC_MSGSEND = YES;
				GCC_C_LANGUAGE_STANDARD = gnu99;
				GCC_DYNAMIC_NO_PIC = NO;
				GCC_NO_COMMON_BLOCKS = YES;
				GCC_OPTIMIZATION_LEVEL = 0;
				GCC_PREPROCESSOR_DEFINITIONS = (
					"DEBUG=1",
					"$(inherited)",
				);
				GCC_SYMBOLS_PRIVATE_EXTERN = NO;
				GCC_WARN_64_TO_32_BIT_CONVERSION = YES;
				GCC_WARN_ABOUT_RETURN_TYPE = YES_ERROR;
				GCC_WARN_UNDECLARED_SELECTOR = YES;
				GCC_WARN_UNINITIALIZED_AUTOS = YES_AGGRESSIVE;
				GCC_WARN_UNUSED_FUNCTION = YES;
				GCC_WARN_UNUSED_VARIABLE = YES;
				IPHONEOS_DEPLOYMENT_TARGET = 8.3;
				MTL_ENABLE_DEBUG_INFO = YES;
				ONLY_ACTIVE_ARCH = YES;
				SDKROOT = iphoneos;
			};
			name = Debug;
		};
		A7D05A911B0B859A00BE4F65 /* Release */ = {
			isa = XCBuildConfiguration;
			buildSettings = {
				ALWAYS_SEARCH_USER_PATHS = NO;
				CLANG_CXX_LANGUAGE_STANDARD = "gnu++0x";
				CLANG_CXX_LIBRARY = "libc++";
				CLANG_ENABLE_MODULES = YES;
				CLANG_ENABLE_OBJC_ARC = YES;
				CLANG_WARN_BOOL_CONVERSION = YES;
				CLANG_WARN_CONSTANT_CONVERSION = YES;
				CLANG_WARN_DIRECT_OBJC_ISA_USAGE = YES_ERROR;
				CLANG_WARN_EMPTY_BODY = YES;
				CLANG_WARN_ENUM_CONVERSION = YES;
				CLANG_WARN_INT_CONVERSION = YES;
				CLANG_WARN_OBJC_ROOT_CLASS = YES_ERROR;
				CLANG_WARN_UNREACHABLE_CODE = YES;
				CLANG_WARN__DUPLICATE_METHOD_MATCH = YES;
				"CODE_SIGN_IDENTITY[sdk=iphoneos*]" = "iPhone Developer";
				COPY_PHASE_STRIP = NO;
				DEBUG_INFORMATION_FORMAT = "dwarf-with-dsym";
				ENABLE_NS_ASSERTIONS = NO;
				ENABLE_STRICT_OBJC_MSGSEND = YES;
				GCC_C_LANGUAGE_STANDARD = gnu99;
				GCC_NO_COMMON_BLOCKS = YES;
				GCC_WARN_64_TO_32_BIT_CONVERSION = YES;
				GCC_WARN_ABOUT_RETURN_TYPE = YES_ERROR;
				GCC_WARN_UNDECLARED_SELECTOR = YES;
				GCC_WARN_UNINITIALIZED_AUTOS = YES_AGGRESSIVE;
				GCC_WARN_UNUSED_FUNCTION = YES;
				GCC_WARN_UNUSED_VARIABLE = YES;
				IPHONEOS_DEPLOYMENT_TARGET = 8.3;
				MTL_ENABLE_DEBUG_INFO = NO;
				SDKROOT = iphoneos;
				VALIDATE_PRODUCT = YES;
			};
			name = Release;
		};
		A7D05A931B0B859A00BE4F65 /* Debug */ = {
			isa = XCBuildConfiguration;
			buildSettings = {
				ASSETCATALOG_COMPILER_APPICON_NAME = AppIcon;
				INFOPLIST_FILE = FingerPaintApp/Info.plist;
				LD_RUNPATH_SEARCH_PATHS = "$(inherited) @executable_path/Frameworks";
				PRODUCT_NAME = "$(TARGET_NAME)";
			};
			name = Debug;
		};
		A7D05A941B0B859A00BE4F65 /* Release */ = {
			isa = XCBuildConfiguration;
			buildSettings = {
				ASSETCATALOG_COMPILER_APPICON_NAME = AppIcon;
				INFOPLIST_FILE = FingerPaintApp/Info.plist;
				LD_RUNPATH_SEARCH_PATHS = "$(inherited) @executable_path/Frameworks";
				PRODUCT_NAME = "$(TARGET_NAME)";
			};
			name = Release;
		};
		A7D05A961B0B859A00BE4F65 /* Debug */ = {
			isa = XCBuildConfiguration;
			buildSettings = {
				BUNDLE_LOADER = "$(TEST_HOST)";
				FRAMEWORK_SEARCH_PATHS = (
					"$(SDKROOT)/Developer/Library/Frameworks",
					"$(inherited)",
				);
				GCC_PREPROCESSOR_DEFINITIONS = (
					"DEBUG=1",
					"$(inherited)",
				);
				INFOPLIST_FILE = FingerPaintAppTests/Info.plist;
				LD_RUNPATH_SEARCH_PATHS = "$(inherited) @executable_path/Frameworks @loader_path/Frameworks";
				PRODUCT_NAME = "$(TARGET_NAME)";
				TEST_HOST = "$(BUILT_PRODUCTS_DIR)/FingerPaintApp.app/FingerPaintApp";
			};
			name = Debug;
		};
		A7D05A971B0B859A00BE4F65 /* Release */ = {
			isa = XCBuildConfiguration;
			buildSettings = {
				BUNDLE_LOADER = "$(TEST_HOST)";
				FRAMEWORK_SEARCH_PATHS = (
					"$(SDKROOT)/Developer/Library/Frameworks",
					"$(inherited)",
				);
				INFOPLIST_FILE = FingerPaintAppTests/Info.plist;
				LD_RUNPATH_SEARCH_PATHS = "$(inherited) @executable_path/Frameworks @loader_path/Frameworks";
				PRODUCT_NAME = "$(TARGET_NAME)";
				TEST_HOST = "$(BUILT_PRODUCTS_DIR)/FingerPaintApp.app/FingerPaintApp";
			};
			name = Release;
		};
/* End XCBuildConfiguration section */

/* Begin XCConfigurationList section */
		A7D05A6A1B0B859A00BE4F65 /* Build configuration list for PBXProject "FingerPaintApp" */ = {
			isa = XCConfigurationList;
			buildConfigurations = (
				A7D05A901B0B859A00BE4F65 /* Debug */,
				A7D05A911B0B859A00BE4F65 /* Release */,
			);
			defaultConfigurationIsVisible = 0;
			defaultConfigurationName = Release;
		};
		A7D05A921B0B859A00BE4F65 /* Build configuration list for PBXNativeTarget "FingerPaintApp" */ = {
			isa = XCConfigurationList;
			buildConfigurations = (
				A7D05A931B0B859A00BE4F65 /* Debug */,
				A7D05A941B0B859A00BE4F65 /* Release */,
			);
			defaultConfigurationIsVisible = 0;
		};
		A7D05A951B0B859A00BE4F65 /* Build configuration list for PBXNativeTarget "FingerPaintAppTests" */ = {
			isa = XCConfigurationList;
			buildConfigurations = (
				A7D05A961B0B859A00BE4F65 /* Debug */,
				A7D05A971B0B859A00BE4F65 /* Release */,
			);
			defaultConfigurationIsVisible = 0;
		};
/* End XCConfigurationList section */
	};
	rootObject = A7D05A671B0B859A00BE4F65 /* Project object */;
}
